PODS:
  - FBSnapshotTestCase (2.1.4):
    - FBSnapshotTestCase/SwiftSupport (= 2.1.4)
  - FBSnapshotTestCase/Core (2.1.4)
  - FBSnapshotTestCase/SwiftSupport (2.1.4):
    - FBSnapshotTestCase/Core
  - SFBackgroundTaskManager (0.1.0)

DEPENDENCIES:
  - FBSnapshotTestCase (~> 2.1.4)
  - SFBackgroundTaskManager (from `../`)

SPEC REPOS:
  trunk:
    - FBSnapshotTestCase

EXTERNAL SOURCES:
  SFBackgroundTaskManager:
    :path: "../"

SPEC CHECKSUMS:
  FBSnapshotTestCase: 094f9f314decbabe373b87cc339bea235a63e07a
  SFBackgroundTaskManager: 1ef3c2d5232af3d821aa368e2a1c6f5a027b2acf

PODFILE CHECKSUM: 2c9e8dc6e6a27b983091fb67c45440c5a4bfb1e0

COCOAPODS: 1.13.0
